
Microsoft Visual Studio Solution File, Format Version 12.00
# Visual Studio Version 18
VisualStudioVersion = 18.3.11206.111
MinimumVisualStudioVersion = 10.0.40219.1
Project("{FAE04EC0-301F-11D3-BF4B-00C04F79EFBC}") = "API.Web", "API\API.Web.csproj", "{421E12D7-B2E2-4ADD-8658-E515488F5D28}"
EndProject
Project("{FAE04EC0-301F-11D3-BF4B-00C04F79EFBC}") = "Desktop.Shared", "Desktop\Desktop.Shared.csproj", "{E618A615-0612-4C45-B8AF-4847A045B550}"
EndProject
Project("{FAE04EC0-301F-11D3-BF4B-00C04F79EFBC}") = "Shared", "Shared\Shared.csproj", "{B4A82D10-22FD-47AA-997E-1DC674B50E8D}"
EndProject
Project("{2150E333-8FDC-42A3-9474-1A3956D46DE8}") = "Элементы решения", "Элементы решения", "{F9B6B8D5-EDDF-4584-B432-9D44DC53BF2E}"
	ProjectSection(SolutionItems) = preProject
		Readme.MD = Readme.MD
	EndProjectSection
EndProject
Project("{2150E333-8FDC-42A3-9474-1A3956D46DE8}") = "Assets", "Assets", "{ABC5CEB3-D286-47B5-BFCA-AFE5B5C4A372}"
EndProject
Project("{2150E333-8FDC-42A3-9474-1A3956D46DE8}") = "Docs", "Docs", "{B14842C5-FE3A-4765-B4BC-451ACC7955D5}"
	ProjectSection(SolutionItems) = preProject
		backup.txt = backup.txt
		Doc.md = Doc.md
	EndProjectSection
EndProject
Project("{FAE04EC0-301F-11D3-BF4B-00C04F79EFBC}") = "API.Tests", "API.Tests\API.Tests.csproj", "{A890E864-CCB6-4865-A3FC-7CF03620D1C5}"
EndProject
Project("{FAE04EC0-301F-11D3-BF4B-00C04F79EFBC}") = "API.LoadTests", "API.LoadTests\API.LoadTests.csproj", "{9AA18B52-1206-409B-B0BB-8476DE7D3E3E}"
EndProject
Project("{FAE04EC0-301F-11D3-BF4B-00C04F79EFBC}") = "Core", "Core\Core.csproj", "{DE4283DA-C04C-4A0A-96C4-B5AA631B33CB}"
EndProject
Project("{FAE04EC0-301F-11D3-BF4B-00C04F79EFBC}") = "Mobile.Android", "Mobile\Mobile.Android\Mobile.Android.csproj", "{067AC42E-106F-4223-821D-19A4194E1B71}"
EndProject
Project("{2150E333-8FDC-42A3-9474-1A3956D46DE8}") = "Mobile", "Mobile", "{E0FC68D3-40F2-542A-6A90-38B94336C1AE}"
EndProject
Project("{FAE04EC0-301F-11D3-BF4B-00C04F79EFBC}") = "Mobile.Shared", "Mobile\Mobile\Mobile.Shared.csproj", "{0EE7BE84-6ADF-48A1-98C2-85433D1181EB}"
EndProject
Project("{2150E333-8FDC-42A3-9474-1A3956D46DE8}") = "Frontend", "Frontend", "{72143A81-30FB-46FF-8997-895D24657E89}"
EndProject
Project("{2150E333-8FDC-42A3-9474-1A3956D46DE8}") = "Backend", "Backend", "{6D43745B-522D-41D8-BED4-1A6E11EF92C8}"
EndProject
Project("{2150E333-8FDC-42A3-9474-1A3956D46DE8}") = "Tests", "Tests", "{334C6C17-B9FC-432C-B95A-C967C9112B28}"
EndProject
Project("{2150E333-8FDC-42A3-9474-1A3956D46DE8}") = "Desktop", "Desktop", "{56186A6F-16D3-41AB-A194-3EF47709899B}"
EndProject
Project("{FAE04EC0-301F-11D3-BF4B-00C04F79EFBC}") = "API.Domain", "API.Domain\API.Domain.csproj", "{8FD54F68-4E58-40BE-B6E3-94E84AEAD588}"
EndProject
Project("{FAE04EC0-301F-11D3-BF4B-00C04F79EFBC}") = "API.Application", "API.Application\API.Application.csproj", "{8EF8BB6A-4D08-406A-9F4C-E84909BF83B3}"
EndProject
Project("{FAE04EC0-301F-11D3-BF4B-00C04F79EFBC}") = "API.Infrastructure", "API.Infrastructure\API.Infrastructure.csproj", "{588461AB-4EB7-4EE8-B93B-72ACC50E1E60}"
EndProject
Global
	GlobalSection(SolutionConfigurationPlatforms) = preSolution
		Debug|Any CPU = Debug|Any CPU
		Debug|x64 = Debug|x64
		Debug|x86 = Debug|x86
		Release|Any CPU = Release|Any CPU
		Release|x64 = Release|x64
		Release|x86 = Release|x86
	EndGlobalSection
	GlobalSection(ProjectConfigurationPlatforms) = postSolution
		{421E12D7-B2E2-4ADD-8658-E515488F5D28}.Debug|Any CPU.ActiveCfg = Debug|Any CPU
		{421E12D7-B2E2-4ADD-8658-E515488F5D28}.Debug|Any CPU.Build.0 = Debug|Any CPU
		{421E12D7-B2E2-4ADD-8658-E515488F5D28}.Debug|x64.ActiveCfg = Debug|Any CPU
		{421E12D7-B2E2-4ADD-8658-E515488F5D28}.Debug|x64.Build.0 = Debug|Any CPU
		{421E12D7-B2E2-4ADD-8658-E515488F5D28}.Debug|x86.ActiveCfg = Debug|Any CPU
		{421E12D7-B2E2-4ADD-8658-E515488F5D28}.Debug|x86.Build.0 = Debug|Any CPU
		{421E12D7-B2E2-4ADD-8658-E515488F5D28}.Release|Any CPU.ActiveCfg = Release|Any CPU
		{421E12D7-B2E2-4ADD-8658-E515488F5D28}.Release|Any CPU.Build.0 = Release|Any CPU
		{421E12D7-B2E2-4ADD-8658-E515488F5D28}.Release|x64.ActiveCfg = Release|Any CPU
		{421E12D7-B2E2-4ADD-8658-E515488F5D28}.Release|x64.Build.0 = Release|Any CPU
		{421E12D7-B2E2-4ADD-8658-E515488F5D28}.Release|x86.ActiveCfg = Release|Any CPU
		{421E12D7-B2E2-4ADD-8658-E515488F5D28}.Release|x86.Build.0 = Release|Any CPU
		{E618A615-0612-4C45-B8AF-4847A045B550}.Debug|Any CPU.ActiveCfg = Debug|Any CPU
		{E618A615-0612-4C45-B8AF-4847A045B550}.Debug|Any CPU.Build.0 = Debug|Any CPU
		{E618A615-0612-4C45-B8AF-4847A045B550}.Debug|Any CPU.Deploy.0 = Debug|Any CPU
		{E618A615-0612-4C45-B8AF-4847A045B550}.Debug|x64.ActiveCfg = Debug|Any CPU
		{E618A615-0612-4C45-B8AF-4847A045B550}.Debug|x64.Build.0 = Debug|Any CPU
		{E618A615-0612-4C45-B8AF-4847A045B550}.Debug|x86.ActiveCfg = Debug|Any CPU
		{E618A615-0612-4C45-B8AF-4847A045B550}.Debug|x86.Build.0 = Debug|Any CPU
		{E618A615-0612-4C45-B8AF-4847A045B550}.Release|Any CPU.ActiveCfg = Release|Any CPU
		{E618A615-0612-4C45-B8AF-4847A045B550}.Release|Any CPU.Build.0 = Release|Any CPU
		{E618A615-0612-4C45-B8AF-4847A045B550}.Release|x64.ActiveCfg = Release|Any CPU
		{E618A615-0612-4C45-B8AF-4847A045B550}.Release|x64.Build.0 = Release|Any CPU
		{E618A615-0612-4C45-B8AF-4847A045B550}.Release|x86.ActiveCfg = Release|Any CPU
		{E618A615-0612-4C45-B8AF-4847A045B550}.Release|x86.Build.0 = Release|Any CPU
		{B4A82D10-22FD-47AA-997E-1DC674B50E8D}.Debug|Any CPU.ActiveCfg = Debug|Any CPU
		{B4A82D10-22FD-47AA-997E-1DC674B50E8D}.Debug|Any CPU.Build.0 = Debug|Any CPU
		{B4A82D10-22FD-47AA-997E-1DC674B50E8D}.Debug|x64.ActiveCfg = Debug|Any CPU
		{B4A82D10-22FD-47AA-997E-1DC674B50E8D}.Debug|x64.Build.0 = Debug|Any CPU
		{B4A82D10-22FD-47AA-997E-1DC674B50E8D}.Debug|x86.ActiveCfg = Debug|Any CPU
		{B4A82D10-22FD-47AA-997E-1DC674B50E8D}.Debug|x86.Build.0 = Debug|Any CPU
		{B4A82D10-22FD-47AA-997E-1DC674B50E8D}.Release|Any CPU.ActiveCfg = Release|Any CPU
		{B4A82D10-22FD-47AA-997E-1DC674B50E8D}.Release|Any CPU.Build.0 = Release|Any CPU
		{B4A82D10-22FD-47AA-997E-1DC674B50E8D}.Release|x64.ActiveCfg = Release|Any CPU
		{B4A82D10-22FD-47AA-997E-1DC674B50E8D}.Release|x64.Build.0 = Release|Any CPU
		{B4A82D10-22FD-47AA-997E-1DC674B50E8D}.Release|x86.ActiveCfg = Release|Any CPU
		{B4A82D10-22FD-47AA-997E-1DC674B50E8D}.Release|x86.Build.0 = Release|Any CPU
		{A890E864-CCB6-4865-A3FC-7CF03620D1C5}.Debug|Any CPU.ActiveCfg = Debug|Any CPU
		{A890E864-CCB6-4865-A3FC-7CF03620D1C5}.Debug|Any CPU.Build.0 = Debug|Any CPU
		{A890E864-CCB6-4865-A3FC-7CF03620D1C5}.Debug|x64.ActiveCfg = Debug|Any CPU
		{A890E864-CCB6-4865-A3FC-7CF03620D1C5}.Debug|x64.Build.0 = Debug|Any CPU
		{A890E864-CCB6-4865-A3FC-7CF03620D1C5}.Debug|x86.ActiveCfg = Debug|Any CPU
		{A890E864-CCB6-4865-A3FC-7CF03620D1C5}.Debug|x86.Build.0 = Debug|Any CPU
		{A890E864-CCB6-4865-A3FC-7CF03620D1C5}.Release|Any CPU.ActiveCfg = Release|Any CPU
		{A890E864-CCB6-4865-A3FC-7CF03620D1C5}.Release|Any CPU.Build.0 = Release|Any CPU
		{A890E864-CCB6-4865-A3FC-7CF03620D1C5}.Release|x64.ActiveCfg = Release|Any CPU
		{A890E864-CCB6-4865-A3FC-7CF03620D1C5}.Release|x64.Build.0 = Release|Any CPU
		{A890E864-CCB6-4865-A3FC-7CF03620D1C5}.Release|x86.ActiveCfg = Release|Any CPU
		{A890E864-CCB6-4865-A3FC-7CF03620D1C5}.Release|x86.Build.0 = Release|Any CPU
		{9AA18B52-1206-409B-B0BB-8476DE7D3E3E}.Debug|Any CPU.ActiveCfg = Debug|Any CPU
		{9AA18B52-1206-409B-B0BB-8476DE7D3E3E}.Debug|Any CPU.Build.0 = Debug|Any CPU
		{9AA18B52-1206-409B-B0BB-8476DE7D3E3E}.Debug|x64.ActiveCfg = Debug|Any CPU
		{9AA18B52-1206-409B-B0BB-8476DE7D3E3E}.Debug|x64.Build.0 = Debug|Any CPU
		{9AA18B52-1206-409B-B0BB-8476DE7D3E3E}.Debug|x86.ActiveCfg = Debug|Any CPU
		{9AA18B52-1206-409B-B0BB-8476DE7D3E3E}.Debug|x86.Build.0 = Debug|Any CPU
		{9AA18B52-1206-409B-B0BB-8476DE7D3E3E}.Release|Any CPU.ActiveCfg = Release|Any CPU
		{9AA18B52-1206-409B-B0BB-8476DE7D3E3E}.Release|Any CPU.Build.0 = Release|Any CPU
		{9AA18B52-1206-409B-B0BB-8476DE7D3E3E}.Release|x64.ActiveCfg = Release|Any CPU
		{9AA18B52-1206-409B-B0BB-8476DE7D3E3E}.Release|x64.Build.0 = Release|Any CPU
		{9AA18B52-1206-409B-B0BB-8476DE7D3E3E}.Release|x86.ActiveCfg = Release|Any CPU
		{9AA18B52-1206-409B-B0BB-8476DE7D3E3E}.Release|x86.Build.0 = Release|Any CPU
		{DE4283DA-C04C-4A0A-96C4-B5AA631B33CB}.Debug|Any CPU.ActiveCfg = Debug|Any CPU
		{DE4283DA-C04C-4A0A-96C4-B5AA631B33CB}.Debug|Any CPU.Build.0 = Debug|Any CPU
		{DE4283DA-C04C-4A0A-96C4-B5AA631B33CB}.Debug|x64.ActiveCfg = Debug|Any CPU
		{DE4283DA-C04C-4A0A-96C4-B5AA631B33CB}.Debug|x64.Build.0 = Debug|Any CPU
		{DE4283DA-C04C-4A0A-96C4-B5AA631B33CB}.Debug|x86.ActiveCfg = Debug|Any CPU
		{DE4283DA-C04C-4A0A-96C4-B5AA631B33CB}.Debug|x86.Build.0 = Debug|Any CPU
		{DE4283DA-C04C-4A0A-96C4-B5AA631B33CB}.Release|Any CPU.ActiveCfg = Release|Any CPU
		{DE4283DA-C04C-4A0A-96C4-B5AA631B33CB}.Release|Any CPU.Build.0 = Release|Any CPU
		{DE4283DA-C04C-4A0A-96C4-B5AA631B33CB}.Release|x64.ActiveCfg = Release|Any CPU
		{DE4283DA-C04C-4A0A-96C4-B5AA631B33CB}.Release|x64.Build.0 = Release|Any CPU
		{DE4283DA-C04C-4A0A-96C4-B5AA631B33CB}.Release|x86.ActiveCfg = Release|Any CPU
		{DE4283DA-C04C-4A0A-96C4-B5AA631B33CB}.Release|x86.Build.0 = Release|Any CPU
		{067AC42E-106F-4223-821D-19A4194E1B71}.Debug|Any CPU.ActiveCfg = Debug|Any CPU
		{067AC42E-106F-4223-821D-19A4194E1B71}.Debug|Any CPU.Deploy.0 = Debug|Any CPU
		{067AC42E-106F-4223-821D-19A4194E1B71}.Debug|x64.ActiveCfg = Debug|Any CPU
		{067AC42E-106F-4223-821D-19A4194E1B71}.Debug|x64.Build.0 = Debug|Any CPU
		{067AC42E-106F-4223-821D-19A4194E1B71}.Debug|x86.ActiveCfg = Debug|Any CPU
		{067AC42E-106F-4223-821D-19A4194E1B71}.Debug|x86.Build.0 = Debug|Any CPU
		{067AC42E-106F-4223-821D-19A4194E1B71}.Release|Any CPU.ActiveCfg = Release|Any CPU
		{067AC42E-106F-4223-821D-19A4194E1B71}.Release|Any CPU.Build.0 = Release|Any CPU
		{067AC42E-106F-4223-821D-19A4194E1B71}.Release|Any CPU.Deploy.0 = Release|Any CPU
		{067AC42E-106F-4223-821D-19A4194E1B71}.Release|x64.ActiveCfg = Release|Any CPU
		{067AC42E-106F-4223-821D-19A4194E1B71}.Release|x64.Build.0 = Release|Any CPU
		{067AC42E-106F-4223-821D-19A4194E1B71}.Release|x86.ActiveCfg = Release|Any CPU
		{067AC42E-106F-4223-821D-19A4194E1B71}.Release|x86.Build.0 = Release|Any CPU
		{0EE7BE84-6ADF-48A1-98C2-85433D1181EB}.Debug|Any CPU.ActiveCfg = Debug|Any CPU
		{0EE7BE84-6ADF-48A1-98C2-85433D1181EB}.Debug|Any CPU.Build.0 = Debug|Any CPU
		{0EE7BE84-6ADF-48A1-98C2-85433D1181EB}.Debug|x64.ActiveCfg = Debug|Any CPU
		{0EE7BE84-6ADF-48A1-98C2-85433D1181EB}.Debug|x64.Build.0 = Debug|Any CPU
		{0EE7BE84-6ADF-48A1-98C2-85433D1181EB}.Debug|x86.ActiveCfg = Debug|Any CPU
		{0EE7BE84-6ADF-48A1-98C2-85433D1181EB}.Debug|x86.Build.0 = Debug|Any CPU
		{0EE7BE84-6ADF-48A1-98C2-85433D1181EB}.Release|Any CPU.ActiveCfg = Release|Any CPU
		{0EE7BE84-6ADF-48A1-98C2-85433D1181EB}.Release|Any CPU.Build.0 = Release|Any CPU
		{0EE7BE84-6ADF-48A1-98C2-85433D1181EB}.Release|x64.ActiveCfg = Release|Any CPU
		{0EE7BE84-6ADF-48A1-98C2-85433D1181EB}.Release|x64.Build.0 = Release|Any CPU
		{0EE7BE84-6ADF-48A1-98C2-85433D1181EB}.Release|x86.ActiveCfg = Release|Any CPU
		{0EE7BE84-6ADF-48A1-98C2-85433D1181EB}.Release|x86.Build.0 = Release|Any CPU
		{8FD54F68-4E58-40BE-B6E3-94E84AEAD588}.Debug|Any CPU.ActiveCfg = Debug|Any CPU
		{8FD54F68-4E58-40BE-B6E3-94E84AEAD588}.Debug|Any CPU.Build.0 = Debug|Any CPU
		{8FD54F68-4E58-40BE-B6E3-94E84AEAD588}.Debug|x64.ActiveCfg = Debug|Any CPU
		{8FD54F68-4E58-40BE-B6E3-94E84AEAD588}.Debug|x64.Build.0 = Debug|Any CPU
		{8FD54F68-4E58-40BE-B6E3-94E84AEAD588}.Debug|x86.ActiveCfg = Debug|Any CPU
		{8FD54F68-4E58-40BE-B6E3-94E84AEAD588}.Debug|x86.Build.0 = Debug|Any CPU
		{8FD54F68-4E58-40BE-B6E3-94E84AEAD588}.Release|Any CPU.ActiveCfg = Release|Any CPU
		{8FD54F68-4E58-40BE-B6E3-94E84AEAD588}.Release|Any CPU.Build.0 = Release|Any CPU
		{8FD54F68-4E58-40BE-B6E3-94E84AEAD588}.Release|x64.ActiveCfg = Release|Any CPU
		{8FD54F68-4E58-40BE-B6E3-94E84AEAD588}.Release|x64.Build.0 = Release|Any CPU
		{8FD54F68-4E58-40BE-B6E3-94E84AEAD588}.Release|x86.ActiveCfg = Release|Any CPU
		{8FD54F68-4E58-40BE-B6E3-94E84AEAD588}.Release|x86.Build.0 = Release|Any CPU
		{8EF8BB6A-4D08-406A-9F4C-E84909BF83B3}.Debug|Any CPU.ActiveCfg = Debug|Any CPU
		{8EF8BB6A-4D08-406A-9F4C-E84909BF83B3}.Debug|Any CPU.Build.0 = Debug|Any CPU
		{8EF8BB6A-4D08-406A-9F4C-E84909BF83B3}.Debug|x64.ActiveCfg = Debug|Any CPU
		{8EF8BB6A-4D08-406A-9F4C-E84909BF83B3}.Debug|x64.Build.0 = Debug|Any CPU
		{8EF8BB6A-4D08-406A-9F4C-E84909BF83B3}.Debug|x86.ActiveCfg = Debug|Any CPU
		{8EF8BB6A-4D08-406A-9F4C-E84909BF83B3}.Debug|x86.Build.0 = Debug|Any CPU
		{8EF8BB6A-4D08-406A-9F4C-E84909BF83B3}.Release|Any CPU.ActiveCfg = Release|Any CPU
		{8EF8BB6A-4D08-406A-9F4C-E84909BF83B3}.Release|Any CPU.Build.0 = Release|Any CPU
		{8EF8BB6A-4D08-406A-9F4C-E84909BF83B3}.Release|x64.ActiveCfg = Release|Any CPU
		{8EF8BB6A-4D08-406A-9F4C-E84909BF83B3}.Release|x64.Build.0 = Release|Any CPU
		{8EF8BB6A-4D08-406A-9F4C-E84909BF83B3}.Release|x86.ActiveCfg = Release|Any CPU
		{8EF8BB6A-4D08-406A-9F4C-E84909BF83B3}.Release|x86.Build.0 = Release|Any CPU
		{588461AB-4EB7-4EE8-B93B-72ACC50E1E60}.Debug|Any CPU.ActiveCfg = Debug|Any CPU
		{588461AB-4EB7-4EE8-B93B-72ACC50E1E60}.Debug|Any CPU.Build.0 = Debug|Any CPU
		{588461AB-4EB7-4EE8-B93B-72ACC50E1E60}.Debug|x64.ActiveCfg = Debug|Any CPU
		{588461AB-4EB7-4EE8-B93B-72ACC50E1E60}.Debug|x64.Build.0 = Debug|Any CPU
		{588461AB-4EB7-4EE8-B93B-72ACC50E1E60}.Debug|x86.ActiveCfg = Debug|Any CPU
		{588461AB-4EB7-4EE8-B93B-72ACC50E1E60}.Debug|x86.Build.0 = Debug|Any CPU
		{588461AB-4EB7-4EE8-B93B-72ACC50E1E60}.Release|Any CPU.ActiveCfg = Release|Any CPU
		{588461AB-4EB7-4EE8-B93B-72ACC50E1E60}.Release|Any CPU.Build.0 = Release|Any CPU
		{588461AB-4EB7-4EE8-B93B-72ACC50E1E60}.Release|x64.ActiveCfg = Release|Any CPU
		{588461AB-4EB7-4EE8-B93B-72ACC50E1E60}.Release|x64.Build.0 = Release|Any CPU
		{588461AB-4EB7-4EE8-B93B-72ACC50E1E60}.Release|x86.ActiveCfg = Release|Any CPU
		{588461AB-4EB7-4EE8-B93B-72ACC50E1E60}.Release|x86.Build.0 = Release|Any CPU
	EndGlobalSection
	GlobalSection(SolutionProperties) = preSolution
		HideSolutionNode = FALSE
	EndGlobalSection
	GlobalSection(NestedProjects) = preSolution
		{421E12D7-B2E2-4ADD-8658-E515488F5D28} = {6D43745B-522D-41D8-BED4-1A6E11EF92C8}
		{E618A615-0612-4C45-B8AF-4847A045B550} = {56186A6F-16D3-41AB-A194-3EF47709899B}
		{ABC5CEB3-D286-47B5-BFCA-AFE5B5C4A372} = {F9B6B8D5-EDDF-4584-B432-9D44DC53BF2E}
		{B14842C5-FE3A-4765-B4BC-451ACC7955D5} = {F9B6B8D5-EDDF-4584-B432-9D44DC53BF2E}
		{A890E864-CCB6-4865-A3FC-7CF03620D1C5} = {334C6C17-B9FC-432C-B95A-C967C9112B28}
		{9AA18B52-1206-409B-B0BB-8476DE7D3E3E} = {334C6C17-B9FC-432C-B95A-C967C9112B28}
		{DE4283DA-C04C-4A0A-96C4-B5AA631B33CB} = {72143A81-30FB-46FF-8997-895D24657E89}
		{067AC42E-106F-4223-821D-19A4194E1B71} = {E0FC68D3-40F2-542A-6A90-38B94336C1AE}
		{E0FC68D3-40F2-542A-6A90-38B94336C1AE} = {72143A81-30FB-46FF-8997-895D24657E89}
		{0EE7BE84-6ADF-48A1-98C2-85433D1181EB} = {E0FC68D3-40F2-542A-6A90-38B94336C1AE}
		{334C6C17-B9FC-432C-B95A-C967C9112B28} = {6D43745B-522D-41D8-BED4-1A6E11EF92C8}
		{56186A6F-16D3-41AB-A194-3EF47709899B} = {72143A81-30FB-46FF-8997-895D24657E89}
		{8FD54F68-4E58-40BE-B6E3-94E84AEAD588} = {6D43745B-522D-41D8-BED4-1A6E11EF92C8}
		{8EF8BB6A-4D08-406A-9F4C-E84909BF83B3} = {6D43745B-522D-41D8-BED4-1A6E11EF92C8}
		{588461AB-4EB7-4EE8-B93B-72ACC50E1E60} = {6D43745B-522D-41D8-BED4-1A6E11EF92C8}
	EndGlobalSection
	GlobalSection(ExtensibilityGlobals) = postSolution
		SolutionGuid = {A20C657B-CE0E-4948-9F14-6811BF438ABC}
	EndGlobalSection
EndGlobal
